// !$*UTF8*$!
{
	archiveVersion = 1;
	classes = {
	};
	objectVersion = 56;
	objects = {

/* Begin PBXBuildFile section */
		BD2815242B8F473C0095C1AD /* BodyLabel.swift in Sources */ = {isa = PBXBuildFile; fileRef = BD2815232B8F473C0095C1AD /* BodyLabel.swift */; };
		BD2815272B8F7EE80095C1AD /* AnimatingView.swift in Sources */ = {isa = PBXBuildFile; fileRef = BD2815262B8F7EE80095C1AD /* AnimatingView.swift */; };
		BD28152A2B90173F0095C1AD /* LayoutVC.swift in Sources */ = {isa = PBXBuildFile; fileRef = BD2815292B90173F0095C1AD /* LayoutVC.swift */; };
		BD28152D2B90179C0095C1AD /* PokeButton.swift in Sources */ = {isa = PBXBuildFile; fileRef = BD28152C2B90179C0095C1AD /* PokeButton.swift */; };
		BD28152F2B9037150095C1AD /* QuizVC.swift in Sources */ = {isa = PBXBuildFile; fileRef = BD28152E2B9037150095C1AD /* QuizVC.swift */; };
		BD2815312B903A940095C1AD /* SceneDelegate.swift in Sources */ = {isa = PBXBuildFile; fileRef = BD2815302B903A940095C1AD /* SceneDelegate.swift */; };
		BD55412E2B8E37540089CA78 /* StartingVC.swift in Sources */ = {isa = PBXBuildFile; fileRef = BD55412D2B8E37540089CA78 /* StartingVC.swift */; };
		BD5541322B8E37A70089CA78 /* TitleLabel.swift in Sources */ = {isa = PBXBuildFile; fileRef = BD5541312B8E37A70089CA78 /* TitleLabel.swift */; };
		BDBD46A62B2C999500B62405 /* AppDelegate.swift in Sources */ = {isa = PBXBuildFile; fileRef = BDBD46A52B2C999500B62405 /* AppDelegate.swift */; };
		BDBD46AF2B2C999700B62405 /* Assets.xcassets in Resources */ = {isa = PBXBuildFile; fileRef = BDBD46AE2B2C999700B62405 /* Assets.xcassets */; };
		BDBD46B22B2C999700B62405 /* LaunchScreen.storyboard in Resources */ = {isa = PBXBuildFile; fileRef = BDBD46B02B2C999700B62405 /* LaunchScreen.storyboard */; };
/* End PBXBuildFile section */

/* Begin PBXFileReference section */
		BD2815232B8F473C0095C1AD /* BodyLabel.swift */ = {isa = PBXFileReference; lastKnownFileType = sourcecode.swift; path = BodyLabel.swift; sourceTree = "<group>"; };
		BD2815262B8F7EE80095C1AD /* AnimatingView.swift */ = {isa = PBXFileReference; lastKnownFileType = sourcecode.swift; path = AnimatingView.swift; sourceTree = "<group>"; };
		BD2815292B90173F0095C1AD /* LayoutVC.swift */ = {isa = PBXFileReference; lastKnownFileType = sourcecode.swift; path = LayoutVC.swift; sourceTree = "<group>"; };
		BD28152C2B90179C0095C1AD /* PokeButton.swift */ = {isa = PBXFileReference; lastKnownFileType = sourcecode.swift; path = PokeButton.swift; sourceTree = "<group>"; };
		BD28152E2B9037150095C1AD /* QuizVC.swift */ = {isa = PBXFileReference; lastKnownFileType = sourcecode.swift; path = QuizVC.swift; sourceTree = "<group>"; };
		BD2815302B903A940095C1AD /* SceneDelegate.swift */ = {isa = PBXFileReference; lastKnownFileType = sourcecode.swift; path = SceneDelegate.swift; sourceTree = "<group>"; };
		BD55412D2B8E37540089CA78 /* StartingVC.swift */ = {isa = PBXFileReference; lastKnownFileType = sourcecode.swift; path = StartingVC.swift; sourceTree = "<group>"; };
		BD5541312B8E37A70089CA78 /* TitleLabel.swift */ = {isa = PBXFileReference; lastKnownFileType = sourcecode.swift; path = TitleLabel.swift; sourceTree = "<group>"; };
		BDBD46A22B2C999500B62405 /* FindEmAll.app */ = {isa = PBXFileReference; explicitFileType = wrapper.application; includeInIndex = 0; path = FindEmAll.app; sourceTree = BUILT_PRODUCTS_DIR; };
		BDBD46A52B2C999500B62405 /* AppDelegate.swift */ = {isa = PBXFileReference; lastKnownFileType = sourcecode.swift; path = AppDelegate.swift; sourceTree = "<group>"; };
		BDBD46AE2B2C999700B62405 /* Assets.xcassets */ = {isa = PBXFileReference; lastKnownFileType = folder.assetcatalog; path = Assets.xcassets; sourceTree = "<group>"; };
		BDBD46B12B2C999700B62405 /* Base */ = {isa = PBXFileReference; lastKnownFileType = file.storyboard; name = Base; path = Base.lproj/LaunchScreen.storyboard; sourceTree = "<group>"; };
		BDBD46B32B2C999700B62405 /* Info.plist */ = {isa = PBXFileReference; lastKnownFileType = text.plist.xml; path = Info.plist; sourceTree = "<group>"; };
/* End PBXFileReference section */

/* Begin PBXFrameworksBuildPhase section */
		BDBD469F2B2C999500B62405 /* Frameworks */ = {
			isa = PBXFrameworksBuildPhase;
			buildActionMask = 2147483647;
			files = (
			);
			runOnlyForDeploymentPostprocessing = 0;
		};
/* End PBXFrameworksBuildPhase section */

/* Begin PBXGroup section */
		BD2815252B8F7EC90095C1AD /* AnimatingView */ = {
			isa = PBXGroup;
			children = (
				BD2815262B8F7EE80095C1AD /* AnimatingView.swift */,
			);
			path = AnimatingView;
			sourceTree = "<group>";
		};
		BD2815282B90171A0095C1AD /* ViewControllers */ = {
			isa = PBXGroup;
			children = (
				BD2815292B90173F0095C1AD /* LayoutVC.swift */,
			);
			path = ViewControllers;
			sourceTree = "<group>";
		};
		BD28152B2B9017830095C1AD /* Buttons */ = {
			isa = PBXGroup;
			children = (
				BD28152C2B90179C0095C1AD /* PokeButton.swift */,
			);
			path = Buttons;
			sourceTree = "<group>";
		};
		BD55412C2B8E2A3A0089CA78 /* Support */ = {
			isa = PBXGroup;
			children = (
				BDBD46A52B2C999500B62405 /* AppDelegate.swift */,
				BD2815302B903A940095C1AD /* SceneDelegate.swift */,
				BDBD46AE2B2C999700B62405 /* Assets.xcassets */,
				BDBD46B02B2C999700B62405 /* LaunchScreen.storyboard */,
			);
			path = Support;
			sourceTree = "<group>";
		};
		BD55412F2B8E37680089CA78 /* CustomViews */ = {
			isa = PBXGroup;
			children = (
				BD2815282B90171A0095C1AD /* ViewControllers */,
				BD2815252B8F7EC90095C1AD /* AnimatingView */,
				BD5541302B8E37950089CA78 /* Labels */,
				BD28152B2B9017830095C1AD /* Buttons */,
			);
			path = CustomViews;
			sourceTree = "<group>";
		};
		BD5541302B8E37950089CA78 /* Labels */ = {
			isa = PBXGroup;
			children = (
				BD5541312B8E37A70089CA78 /* TitleLabel.swift */,
				BD2815232B8F473C0095C1AD /* BodyLabel.swift */,
			);
			path = Labels;
			sourceTree = "<group>";
		};
		BD5541332B8E388D0089CA78 /* Screen */ = {
			isa = PBXGroup;
			children = (
				BD55412D2B8E37540089CA78 /* StartingVC.swift */,
				BD28152E2B9037150095C1AD /* QuizVC.swift */,
			);
			path = Screen;
			sourceTree = "<group>";
		};
		BDBD46992B2C999500B62405 = {
			isa = PBXGroup;
			children = (
				BDBD46A42B2C999500B62405 /* FindEmAll */,
				BDBD46A32B2C999500B62405 /* Products */,
			);
			sourceTree = "<group>";
		};
		BDBD46A32B2C999500B62405 /* Products */ = {
			isa = PBXGroup;
			children = (
				BDBD46A22B2C999500B62405 /* FindEmAll.app */,
			);
			name = Products;
			sourceTree = "<group>";
		};
		BDBD46A42B2C999500B62405 /* FindEmAll */ = {
			isa = PBXGroup;
			children = (
				BD55412C2B8E2A3A0089CA78 /* Support */,
				BD55412F2B8E37680089CA78 /* CustomViews */,
				BD5541332B8E388D0089CA78 /* Screen */,
				BDBD46B32B2C999700B62405 /* Info.plist */,
			);
			path = FindEmAll;
			sourceTree = "<group>";
		};
/* End PBXGroup section */

/* Begin PBXNativeTarget section */
		BDBD46A12B2C999500B62405 /* FindEmAll */ = {
			isa = PBXNativeTarget;
			buildConfigurationList = BDBD46B62B2C999700B62405 /* Build configuration list for PBXNativeTarget "FindEmAll" */;
			buildPhases = (
				BDBD469E2B2C999500B62405 /* Sources */,
				BDBD469F2B2C999500B62405 /* Frameworks */,
				BDBD46A02B2C999500B62405 /* Resources */,
			);
			buildRules = (
			);
			dependencies = (
			);
			name = FindEmAll;
			productName = FindEmAll;
			productReference = BDBD46A22B2C999500B62405 /* FindEmAll.app */;
			productType = "com.apple.product-type.application";
		};
/* End PBXNativeTarget section */

/* Begin PBXProject section */
		BDBD469A2B2C999500B62405 /* Project object */ = {
			isa = PBXProject;
			attributes = {
				BuildIndependentTargetsInParallel = 1;
				LastSwiftUpdateCheck = 1500;
				LastUpgradeCheck = 1500;
				TargetAttributes = {
					BDBD46A12B2C999500B62405 = {
						CreatedOnToolsVersion = 15.0.1;
					};
				};
			};
			buildConfigurationList = BDBD469D2B2C999500B62405 /* Build configuration list for PBXProject "FindEmAll" */;
			compatibilityVersion = "Xcode 14.0";
			developmentRegion = en;
			hasScannedForEncodings = 0;
			knownRegions = (
				en,
				Base,
			);
			mainGroup = BDBD46992B2C999500B62405;
			productRefGroup = BDBD46A32B2C999500B62405 /* Products */;
			projectDirPath = "";
			projectRoot = "";
			targets = (
				BDBD46A12B2C999500B62405 /* FindEmAll */,
			);
		};
/* End PBXProject section */

/* Begin PBXResourcesBuildPhase section */
		BDBD46A02B2C999500B62405 /* Resources */ = {
			isa = PBXResourcesBuildPhase;
			buildActionMask = 2147483647;
			files = (
				BDBD46B22B2C999700B62405 /* LaunchScreen.storyboard in Resources */,
				BDBD46AF2B2C999700B62405 /* Assets.xcassets in Resources */,
			);
			runOnlyForDeploymentPostprocessing = 0;
		};
/* End PBXResourcesBuildPhase section */

/* Begin PBXSourcesBuildPhase section */
		BDBD469E2B2C999500B62405 /* Sources */ = {
			isa = PBXSourcesBuildPhase;
			buildActionMask = 2147483647;
			files = (
				BD28152A2B90173F0095C1AD /* LayoutVC.swift in Sources */,
				BD2815242B8F473C0095C1AD /* BodyLabel.swift in Sources */,
				BD2815312B903A940095C1AD /* SceneDelegate.swift in Sources */,
				BD2815272B8F7EE80095C1AD /* AnimatingView.swift in Sources */,
				BDBD46A62B2C999500B62405 /* AppDelegate.swift in Sources */,
				BD28152F2B9037150095C1AD /* QuizVC.swift in Sources */,
				BD55412E2B8E37540089CA78 /* StartingVC.swift in Sources */,
				BD5541322B8E37A70089CA78 /* TitleLabel.swift in Sources */,
				BD28152D2B90179C0095C1AD /* PokeButton.swift in Sources */,
			);
			runOnlyForDeploymentPostprocessing = 0;
		};
/* End PBXSourcesBuildPhase section */

/* Begin PBXVariantGroup section */
		BDBD46B02B2C999700B62405 /* LaunchScreen.storyboard */ = {
			isa = PBXVariantGroup;
			children = (
				BDBD46B12B2C999700B62405 /* Base */,
			);
			name = LaunchScreen.storyboard;
			sourceTree = "<group>";
		};
/* End PBXVariantGroup section */

/* Begin XCBuildConfiguration section */
		BDBD46B42B2C999700B62405 /* Debug */ = {
			isa = XCBuildConfiguration;
			buildSettings = {
				ALWAYS_SEARCH_USER_PATHS = NO;
				ASSETCATALOG_COMPILER_GENERATE_SWIFT_ASSET_SYMBOL_EXTENSIONS = YES;
				CLANG_ANALYZER_NONNULL = YES;
				CLANG_ANALYZER_NUMBER_OBJECT_CONVERSION = YES_AGGRESSIVE;
				CLANG_CXX_LANGUAGE_STANDARD = "gnu++20";
				CLANG_ENABLE_MODULES = YES;
				CLANG_ENABLE_OBJC_ARC = YES;
				CLANG_ENABLE_OBJC_WEAK = YES;
				CLANG_WARN_BLOCK_CAPTURE_AUTORELEASING = YES;
				CLANG_WARN_BOOL_CONVERSION = YES;
				CLANG_WARN_COMMA = YES;
				CLANG_WARN_CONSTANT_CONVERSION = YES;
				CLANG_WARN_DEPRECATED_OBJC_IMPLEMENTATIONS = YES;
				CLANG_WARN_DIRECT_OBJC_ISA_USAGE = YES_ERROR;
				CLANG_WARN_DOCUMENTATION_COMMENTS = YES;
				CLANG_WARN_EMPTY_BODY = YES;
				CLANG_WARN_ENUM_CONVERSION = YES;
				CLANG_WARN_INFINITE_RECURSION = YES;
				CLANG_WARN_INT_CONVERSION = YES;
				CLANG_WARN_NON_LITERAL_NULL_CONVERSION = YES;
				CLANG_WARN_OBJC_IMPLICIT_RETAIN_SELF = YES;
				CLANG_WARN_OBJC_LITERAL_CONVERSION = YES;
				CLANG_WARN_OBJC_ROOT_CLASS = YES_ERROR;
				CLANG_WARN_QUOTED_INCLUDE_IN_FRAMEWORK_HEADER = YES;
				CLANG_WARN_RANGE_LOOP_ANALYSIS = YES;
				CLANG_WARN_STRICT_PROTOTYPES = YES;
				CLANG_WARN_SUSPICIOUS_MOVE = YES;
				CLANG_WARN_UNGUARDED_AVAILABILITY = YES_AGGRESSIVE;
				CLANG_WARN_UNREACHABLE_CODE = YES;
				CLANG_WARN__DUPLICATE_METHOD_MATCH = YES;
				COPY_PHASE_STRIP = NO;
				DEBUG_INFORMATION_FORMAT = dwarf;
				ENABLE_STRICT_OBJC_MSGSEND = YES;
				ENABLE_TESTABILITY = YES;
				ENABLE_USER_SCRIPT_SANDBOXING = YES;
				GCC_C_LANGUAGE_STANDARD = gnu17;
				GCC_DYNAMIC_NO_PIC = NO;
				GCC_NO_COMMON_BLOCKS = YES;
				GCC_OPTIMIZATION_LEVEL = 0;
				GCC_PREPROCESSOR_DEFINITIONS = (
					"DEBUG=1",
					"$(inherited)",
				);
				GCC_WARN_64_TO_32_BIT_CONVERSION = YES;
				GCC_WARN_ABOUT_RETURN_TYPE = YES_ERROR;
				GCC_WARN_UNDECLARED_SELECTOR = YES;
				GCC_WARN_UNINITIALIZED_AUTOS = YES_AGGRESSIVE;
				GCC_WARN_UNUSED_FUNCTION = YES;
				GCC_WARN_UNUSED_VARIABLE = YES;
				IPHONEOS_DEPLOYMENT_TARGET = 15.0;
				LOCALIZATION_PREFERS_STRING_CATALOGS = YES;
				MTL_ENABLE_DEBUG_INFO = INCLUDE_SOURCE;
				MTL_FAST_MATH = YES;
				ONLY_ACTIVE_ARCH = YES;
				SDKROOT = iphoneos;
				SWIFT_ACTIVE_COMPILATION_CONDITIONS = "DEBUG $(inherited)";
				SWIFT_OPTIMIZATION_LEVEL = "-Onone";
			};
			name = Debug;
		};
		BDBD46B52B2C999700B62405 /* Release */ = {
			isa = XCBuildConfiguration;
			buildSettings = {
				ALWAYS_SEARCH_USER_PATHS = NO;
				ASSETCATALOG_COMPILER_GENERATE_SWIFT_ASSET_SYMBOL_EXTENSIONS = YES;
				CLANG_ANALYZER_NONNULL = YES;
				CLANG_ANALYZER_NUMBER_OBJECT_CONVERSION = YES_AGGRESSIVE;
				CLANG_CXX_LANGUAGE_STANDARD = "gnu++20";
				CLANG_ENABLE_MODULES = YES;
				CLANG_ENABLE_OBJC_ARC = YES;
				CLANG_ENABLE_OBJC_WEAK = YES;
				CLANG_WARN_BLOCK_CAPTURE_AUTORELEASING = YES;
				CLANG_WARN_BOOL_CONVERSION = YES;
				CLANG_WARN_COMMA = YES;
				CLANG_WARN_CONSTANT_CONVERSION = YES;
				CLANG_WARN_DEPRECATED_OBJC_IMPLEMENTATIONS = YES;
				CLANG_WARN_DIRECT_OBJC_ISA_USAGE = YES_ERROR;
				CLANG_WARN_DOCUMENTATION_COMMENTS = YES;
				CLANG_WARN_EMPTY_BODY = YES;
				CLANG_WARN_ENUM_CONVERSION = YES;
				CLANG_WARN_INFINITE_RECURSION = YES;
				CLANG_WARN_INT_CONVERSION = YES;
				CLANG_WARN_NON_LITERAL_NULL_CONVERSION = YES;
				CLANG_WARN_OBJC_IMPLICIT_RETAIN_SELF = YES;
				CLANG_WARN_OBJC_LITERAL_CONVERSION = YES;
				CLANG_WARN_OBJC_ROOT_CLASS = YES_ERROR;
				CLANG_WARN_QUOTED_INCLUDE_IN_FRAMEWORK_HEADER = YES;
				CLANG_WARN_RANGE_LOOP_ANALYSIS = YES;
				CLANG_WARN_STRICT_PROTOTYPES = YES;
				CLANG_WARN_SUSPICIOUS_MOVE = YES;
				CLANG_WARN_UNGUARDED_AVAILABILITY = YES_AGGRESSIVE;
				CLANG_WARN_UNREACHABLE_CODE = YES;
				CLANG_WARN__DUPLICATE_METHOD_MATCH = YES;
				COPY_PHASE_STRIP = NO;
				DEBUG_INFORMATION_FORMAT = "dwarf-with-dsym";
				ENABLE_NS_ASSERTIONS = NO;
				ENABLE_STRICT_OBJC_MSGSEND = YES;
				ENABLE_USER_SCRIPT_SANDBOXING = YES;
				GCC_C_LANGUAGE_STANDARD = gnu17;
				GCC_NO_COMMON_BLOCKS = YES;
				GCC_WARN_64_TO_32_BIT_CONVERSION = YES;
				GCC_WARN_ABOUT_RETURN_TYPE = YES_ERROR;
				GCC_WARN_UNDECLARED_SELECTOR = YES;
				GCC_WARN_UNINITIALIZED_AUTOS = YES_AGGRESSIVE;
				GCC_WARN_UNUSED_FUNCTION = YES;
				GCC_WARN_UNUSED_VARIABLE = YES;
				IPHONEOS_DEPLOYMENT_TARGET = 15.0;
				LOCALIZATION_PREFERS_STRING_CATALOGS = YES;
				MTL_ENABLE_DEBUG_INFO = NO;
				MTL_FAST_MATH = YES;
				SDKROOT = iphoneos;
				SWIFT_COMPILATION_MODE = wholemodule;
				VALIDATE_PRODUCT = YES;
			};
			name = Release;
		};
		BDBD46B72B2C999700B62405 /* Debug */ = {
			isa = XCBuildConfiguration;
			buildSettings = {
				ASSETCATALOG_COMPILER_APPICON_NAME = AppIcon;
				ASSETCATALOG_COMPILER_GLOBAL_ACCENT_COLOR_NAME = AccentColor;
				CODE_SIGN_STYLE = Automatic;
				CURRENT_PROJECT_VERSION = 1;
				DEVELOPMENT_TEAM = 2W6JX5D446;
				GENERATE_INFOPLIST_FILE = YES;
				INFOPLIST_FILE = FindEmAll/Info.plist;
				INFOPLIST_KEY_UIApplicationSupportsIndirectInputEvents = YES;
				INFOPLIST_KEY_UILaunchStoryboardName = LaunchScreen;
				INFOPLIST_KEY_UISupportedInterfaceOrientations = UIInterfaceOrientationPortrait;
				INFOPLIST_KEY_UISupportedInterfaceOrientations_iPad = "UIInterfaceOrientationPortrait UIInterfaceOrientationPortraitUpsideDown";
				IPHONEOS_DEPLOYMENT_TARGET = 15.0;
				LD_RUNPATH_SEARCH_PATHS = (
					"$(inherited)",
					"@executable_path/Frameworks",
				);
				MARKETING_VERSION = 1.0;
				PRODUCT_BUNDLE_IDENTIFIER = jackLee.FindEmAll;
				PRODUCT_NAME = "$(TARGET_NAME)";
				SUPPORTED_PLATFORMS = "iphoneos iphonesimulator";
				SUPPORTS_MACCATALYST = NO;
				SUPPORTS_XR_DESIGNED_FOR_IPHONE_IPAD = NO;
				SWIFT_EMIT_LOC_STRINGS = YES;
				SWIFT_VERSION = 5.0;
				TARGETED_DEVICE_FAMILY = 1;
			};
			name = Debug;
		};
		BDBD46B82B2C999700B62405 /* Release */ = {
			isa = XCBuildConfiguration;
			buildSettings = {
				ASSETCATALOG_COMPILER_APPICON_NAME = AppIcon;
				ASSETCATALOG_COMPILER_GLOBAL_ACCENT_COLOR_NAME = AccentColor;
				CODE_SIGN_STYLE = Automatic;
				CURRENT_PROJECT_VERSION = 1;
				DEVELOPMENT_TEAM = 2W6JX5D446;
				GENERATE_INFOPLIST_FILE = YES;
				INFOPLIST_FILE = FindEmAll/Info.plist;
				INFOPLIST_KEY_UIApplicationSupportsIndirectInputEvents = YES;
				INFOPLIST_KEY_UILaunchStoryboardName = LaunchScreen;
				INFOPLIST_KEY_UISupportedInterfaceOrientations = UIInterfaceOrientationPortrait;
				INFOPLIST_KEY_UISupportedInterfaceOrientations_iPad = "UIInterfaceOrientationPortrait UIInterfaceOrientationPortraitUpsideDown";
				IPHONEOS_DEPLOYMENT_TARGET = 15.0;
				LD_RUNPATH_SEARCH_PATHS = (
					"$(inherited)",
					"@executable_path/Frameworks",
				);
				MARKETING_VERSION = 1.0;
				PRODUCT_BUNDLE_IDENTIFIER = jackLee.FindEmAll;
				PRODUCT_NAME = "$(TARGET_NAME)";
				SUPPORTED_PLATFORMS = "iphoneos iphonesimulator";
				SUPPORTS_MACCATALYST = NO;
				SUPPORTS_XR_DESIGNED_FOR_IPHONE_IPAD = NO;
				SWIFT_EMIT_LOC_STRINGS = YES;
				SWIFT_VERSION = 5.0;
				TARGETED_DEVICE_FAMILY = 1;
			};
			name = Release;
		};
/* End XCBuildConfiguration section */

/* Begin XCConfigurationList section */
		BDBD469D2B2C999500B62405 /* Build configuration list for PBXProject "FindEmAll" */ = {
			isa = XCConfigurationList;
			buildConfigurations = (
				BDBD46B42B2C999700B62405 /* Debug */,
				BDBD46B52B2C999700B62405 /* Release */,
			);
			defaultConfigurationIsVisible = 0;
			defaultConfigurationName = Release;
		};
		BDBD46B62B2C999700B62405 /* Build configuration list for PBXNativeTarget "FindEmAll" */ = {
			isa = XCConfigurationList;
			buildConfigurations = (
				BDBD46B72B2C999700B62405 /* Debug */,
				BDBD46B82B2C999700B62405 /* Release */,
			);
			defaultConfigurationIsVisible = 0;
			defaultConfigurationName = Release;
		};
/* End XCConfigurationList section */
	};
	rootObject = BDBD469A2B2C999500B62405 /* Project object */;
}
