// !$*UTF8*$!
{
	archiveVersion = 1;
	classes = {
	};
	objectVersion = 56;
	objects = {

/* Begin PBXBuildFile section */
		BD0C436A2BAACA0D00D0E9B3 /* PokeCollectionViewCell.swift in Sources */ = {isa = PBXBuildFile; fileRef = BD0C43692BAACA0D00D0E9B3 /* PokeCollectionViewCell.swift */; };
		BD0C436D2BAACB9F00D0E9B3 /* UIHelpers.swift in Sources */ = {isa = PBXBuildFile; fileRef = BD0C436C2BAACB9F00D0E9B3 /* UIHelpers.swift */; };
		BD0DF1A72BD47C9C00FE47C4 /* UIImage + Ext.swift in Sources */ = {isa = PBXBuildFile; fileRef = BD0DF1A62BD47C9C00FE47C4 /* UIImage + Ext.swift */; };
		BD1CA0572BDA17AC00F8E1EE /* AnimatingVC.swift in Sources */ = {isa = PBXBuildFile; fileRef = BD1CA0562BDA17AC00F8E1EE /* AnimatingVC.swift */; };
		BD20E0B12B95CAD700BF44BD /* NetworkManager.swift in Sources */ = {isa = PBXBuildFile; fileRef = BD20E0B02B95CAD700BF44BD /* NetworkManager.swift */; };
		BD2753142BD2685A00308F56 /* PokeInputs.swift in Sources */ = {isa = PBXBuildFile; fileRef = BD2753132BD2685A00308F56 /* PokeInputs.swift */; };
		BD2753162BD2698E00308F56 /* UIViewController + Ext.swift in Sources */ = {isa = PBXBuildFile; fileRef = BD2753152BD2698E00308F56 /* UIViewController + Ext.swift */; };
		BD2753182BD269F500308F56 /* PokeAlertVC.swift in Sources */ = {isa = PBXBuildFile; fileRef = BD2753172BD269F500308F56 /* PokeAlertVC.swift */; };
		BD27531A2BD26A6100308F56 /* AlertContainerView.swift in Sources */ = {isa = PBXBuildFile; fileRef = BD2753192BD26A6100308F56 /* AlertContainerView.swift */; };
		BD2815242B8F473C0095C1AD /* PokeBodyLabel.swift in Sources */ = {isa = PBXBuildFile; fileRef = BD2815232B8F473C0095C1AD /* PokeBodyLabel.swift */; };
		BD2815272B8F7EE80095C1AD /* AnimatingView.swift in Sources */ = {isa = PBXBuildFile; fileRef = BD2815262B8F7EE80095C1AD /* AnimatingView.swift */; };
		BD28152A2B90173F0095C1AD /* PokeInfoVC.swift in Sources */ = {isa = PBXBuildFile; fileRef = BD2815292B90173F0095C1AD /* PokeInfoVC.swift */; };
		BD28152D2B90179C0095C1AD /* PokeButton.swift in Sources */ = {isa = PBXBuildFile; fileRef = BD28152C2B90179C0095C1AD /* PokeButton.swift */; };
		BD28152F2B9037150095C1AD /* QuizVC.swift in Sources */ = {isa = PBXBuildFile; fileRef = BD28152E2B9037150095C1AD /* QuizVC.swift */; };
		BD2815312B903A940095C1AD /* SceneDelegate.swift in Sources */ = {isa = PBXBuildFile; fileRef = BD2815302B903A940095C1AD /* SceneDelegate.swift */; };
		BD5324362BA1F0FA00DCCD03 /* PokeTextfield.swift in Sources */ = {isa = PBXBuildFile; fileRef = BD5324352BA1F0FA00DCCD03 /* PokeTextfield.swift */; };
		BD55412E2B8E37540089CA78 /* StartingVC.swift in Sources */ = {isa = PBXBuildFile; fileRef = BD55412D2B8E37540089CA78 /* StartingVC.swift */; };
		BD5541322B8E37A70089CA78 /* PokeTitleLabel.swift in Sources */ = {isa = PBXBuildFile; fileRef = BD5541312B8E37A70089CA78 /* PokeTitleLabel.swift */; };
		BD70EF6B2BB28AD500391C4D /* NetworkError.swift in Sources */ = {isa = PBXBuildFile; fileRef = BD70EF6A2BB28AD500391C4D /* NetworkError.swift */; };
		BDAD03CC2BC19524008B0F71 /* PersistenceManager.swift in Sources */ = {isa = PBXBuildFile; fileRef = BDAD03CB2BC19524008B0F71 /* PersistenceManager.swift */; };
		BDAD04302BC3B9FB008B0F71 /* FindEmAllTest.swift in Sources */ = {isa = PBXBuildFile; fileRef = BDAD042F2BC3B9FB008B0F71 /* FindEmAllTest.swift */; };
		BDAD04372BC3BA2A008B0F71 /* TestPersistenceManager.swift in Sources */ = {isa = PBXBuildFile; fileRef = BDAD04362BC3BA2A008B0F71 /* TestPersistenceManager.swift */; };
		BDAD043A2BC3BCB4008B0F71 /* PersistenceValidator.swift in Sources */ = {isa = PBXBuildFile; fileRef = BDAD04392BC3BCB4008B0F71 /* PersistenceValidator.swift */; };
		BDBD46A62B2C999500B62405 /* AppDelegate.swift in Sources */ = {isa = PBXBuildFile; fileRef = BDBD46A52B2C999500B62405 /* AppDelegate.swift */; };
		BDBD46AF2B2C999700B62405 /* Assets.xcassets in Resources */ = {isa = PBXBuildFile; fileRef = BDBD46AE2B2C999700B62405 /* Assets.xcassets */; };
		BDBD46B22B2C999700B62405 /* LaunchScreen.storyboard in Resources */ = {isa = PBXBuildFile; fileRef = BDBD46B02B2C999700B62405 /* LaunchScreen.storyboard */; };
		BDC31A5D2BD0FB2700D1AB89 /* Int + Ext.swift in Sources */ = {isa = PBXBuildFile; fileRef = BDC31A5C2BD0FB2700D1AB89 /* Int + Ext.swift */; };
		BDC31A5F2BD0FD9200D1AB89 /* Double + Ext.swift in Sources */ = {isa = PBXBuildFile; fileRef = BDC31A5E2BD0FD9200D1AB89 /* Double + Ext.swift */; };
		BDCB65402BAAA742000D4882 /* DataDisplayView.swift in Sources */ = {isa = PBXBuildFile; fileRef = BDCB653F2BAAA742000D4882 /* DataDisplayView.swift */; };
		BDCD4BB12BB145BC003A6378 /* Pokedex.swift in Sources */ = {isa = PBXBuildFile; fileRef = BDCD4BB02BB145BC003A6378 /* Pokedex.swift */; };
		BDE710EB2BA044C400DD4B79 /* PokeInfoView.swift in Sources */ = {isa = PBXBuildFile; fileRef = BDE710EA2BA044C400DD4B79 /* PokeInfoView.swift */; };
		BDE8057D2BE9CD7900AA4A94 /* PokemonGenerationEnum.swift in Sources */ = {isa = PBXBuildFile; fileRef = BDE8057C2BE9CD7900AA4A94 /* PokemonGenerationEnum.swift */; };
		BDE8E5522BC7A7AD003C7127 /* PokeColor.swift in Sources */ = {isa = PBXBuildFile; fileRef = BDE8E5512BC7A7AD003C7127 /* PokeColor.swift */; };
		BDE8E5542BC7A949003C7127 /* UIColor+Ext.swift in Sources */ = {isa = PBXBuildFile; fileRef = BDE8E5532BC7A949003C7127 /* UIColor+Ext.swift */; };
		BDF021142BA958E300EB5260 /* PokedexVC.swift in Sources */ = {isa = PBXBuildFile; fileRef = BDF021132BA958E300EB5260 /* PokedexVC.swift */; };
		BDF6233E2BA2B9E600D534BA /* PokeImageView.swift in Sources */ = {isa = PBXBuildFile; fileRef = BDF6233D2BA2B9E600D534BA /* PokeImageView.swift */; };
		BDFCDC192B959DB4004DD56C /* UIView+Ext.swift in Sources */ = {isa = PBXBuildFile; fileRef = BDFCDC182B959DB4004DD56C /* UIView+Ext.swift */; };
		BDFCDC202B95C1E7004DD56C /* Pokemon.swift in Sources */ = {isa = PBXBuildFile; fileRef = BDFCDC1F2B95C1E7004DD56C /* Pokemon.swift */; };
		BDFCDC222B95C726004DD56C /* PokemonMoves.swift in Sources */ = {isa = PBXBuildFile; fileRef = BDFCDC212B95C726004DD56C /* PokemonMoves.swift */; };
		BDFCDC242B95C761004DD56C /* PokemonCries.swift in Sources */ = {isa = PBXBuildFile; fileRef = BDFCDC232B95C761004DD56C /* PokemonCries.swift */; };
		BDFCDC262B95C78F004DD56C /* PokemonSprites.swift in Sources */ = {isa = PBXBuildFile; fileRef = BDFCDC252B95C78F004DD56C /* PokemonSprites.swift */; };
		BDFCDC282B95C7BB004DD56C /* PokemonTypes.swift in Sources */ = {isa = PBXBuildFile; fileRef = BDFCDC272B95C7BB004DD56C /* PokemonTypes.swift */; };
/* End PBXBuildFile section */

/* Begin PBXContainerItemProxy section */
		BDAD04312BC3B9FB008B0F71 /* PBXContainerItemProxy */ = {
			isa = PBXContainerItemProxy;
			containerPortal = BDBD469A2B2C999500B62405 /* Project object */;
			proxyType = 1;
			remoteGlobalIDString = BDBD46A12B2C999500B62405;
			remoteInfo = FindEmAll;
		};
/* End PBXContainerItemProxy section */

/* Begin PBXFileReference section */
		BD0C43692BAACA0D00D0E9B3 /* PokeCollectionViewCell.swift */ = {isa = PBXFileReference; lastKnownFileType = sourcecode.swift; path = PokeCollectionViewCell.swift; sourceTree = "<group>"; };
		BD0C436C2BAACB9F00D0E9B3 /* UIHelpers.swift */ = {isa = PBXFileReference; lastKnownFileType = sourcecode.swift; path = UIHelpers.swift; sourceTree = "<group>"; };
		BD0DF1A62BD47C9C00FE47C4 /* UIImage + Ext.swift */ = {isa = PBXFileReference; lastKnownFileType = sourcecode.swift; path = "UIImage + Ext.swift"; sourceTree = "<group>"; };
		BD1CA0562BDA17AC00F8E1EE /* AnimatingVC.swift */ = {isa = PBXFileReference; lastKnownFileType = sourcecode.swift; path = AnimatingVC.swift; sourceTree = "<group>"; };
		BD20E0B02B95CAD700BF44BD /* NetworkManager.swift */ = {isa = PBXFileReference; lastKnownFileType = sourcecode.swift; path = NetworkManager.swift; sourceTree = "<group>"; };
		BD2753132BD2685A00308F56 /* PokeInputs.swift */ = {isa = PBXFileReference; lastKnownFileType = sourcecode.swift; path = PokeInputs.swift; sourceTree = "<group>"; };
		BD2753152BD2698E00308F56 /* UIViewController + Ext.swift */ = {isa = PBXFileReference; lastKnownFileType = sourcecode.swift; path = "UIViewController + Ext.swift"; sourceTree = "<group>"; };
		BD2753172BD269F500308F56 /* PokeAlertVC.swift */ = {isa = PBXFileReference; lastKnownFileType = sourcecode.swift; path = PokeAlertVC.swift; sourceTree = "<group>"; };
		BD2753192BD26A6100308F56 /* AlertContainerView.swift */ = {isa = PBXFileReference; lastKnownFileType = sourcecode.swift; path = AlertContainerView.swift; sourceTree = "<group>"; };
		BD2815232B8F473C0095C1AD /* PokeBodyLabel.swift */ = {isa = PBXFileReference; lastKnownFileType = sourcecode.swift; path = PokeBodyLabel.swift; sourceTree = "<group>"; };
		BD2815262B8F7EE80095C1AD /* AnimatingView.swift */ = {isa = PBXFileReference; lastKnownFileType = sourcecode.swift; path = AnimatingView.swift; sourceTree = "<group>"; };
		BD2815292B90173F0095C1AD /* PokeInfoVC.swift */ = {isa = PBXFileReference; lastKnownFileType = sourcecode.swift; path = PokeInfoVC.swift; sourceTree = "<group>"; };
		BD28152C2B90179C0095C1AD /* PokeButton.swift */ = {isa = PBXFileReference; lastKnownFileType = sourcecode.swift; path = PokeButton.swift; sourceTree = "<group>"; };
		BD28152E2B9037150095C1AD /* QuizVC.swift */ = {isa = PBXFileReference; lastKnownFileType = sourcecode.swift; path = QuizVC.swift; sourceTree = "<group>"; xcLanguageSpecificationIdentifier = xcode.lang.swift; };
		BD2815302B903A940095C1AD /* SceneDelegate.swift */ = {isa = PBXFileReference; lastKnownFileType = sourcecode.swift; path = SceneDelegate.swift; sourceTree = "<group>"; };
		BD5324352BA1F0FA00DCCD03 /* PokeTextfield.swift */ = {isa = PBXFileReference; fileEncoding = 4; lastKnownFileType = sourcecode.swift; path = PokeTextfield.swift; sourceTree = "<group>"; };
		BD55412D2B8E37540089CA78 /* StartingVC.swift */ = {isa = PBXFileReference; lastKnownFileType = sourcecode.swift; path = StartingVC.swift; sourceTree = "<group>"; };
		BD5541312B8E37A70089CA78 /* PokeTitleLabel.swift */ = {isa = PBXFileReference; lastKnownFileType = sourcecode.swift; path = PokeTitleLabel.swift; sourceTree = "<group>"; };
		BD70EF6A2BB28AD500391C4D /* NetworkError.swift */ = {isa = PBXFileReference; lastKnownFileType = sourcecode.swift; path = NetworkError.swift; sourceTree = "<group>"; };
		BDAD03CB2BC19524008B0F71 /* PersistenceManager.swift */ = {isa = PBXFileReference; lastKnownFileType = sourcecode.swift; path = PersistenceManager.swift; sourceTree = "<group>"; };
		BDAD042D2BC3B9FB008B0F71 /* FindEmAllTest.xctest */ = {isa = PBXFileReference; explicitFileType = wrapper.cfbundle; includeInIndex = 0; path = FindEmAllTest.xctest; sourceTree = BUILT_PRODUCTS_DIR; };
		BDAD042F2BC3B9FB008B0F71 /* FindEmAllTest.swift */ = {isa = PBXFileReference; lastKnownFileType = sourcecode.swift; path = FindEmAllTest.swift; sourceTree = "<group>"; };
		BDAD04362BC3BA2A008B0F71 /* TestPersistenceManager.swift */ = {isa = PBXFileReference; lastKnownFileType = sourcecode.swift; path = TestPersistenceManager.swift; sourceTree = "<group>"; };
		BDAD04392BC3BCB4008B0F71 /* PersistenceValidator.swift */ = {isa = PBXFileReference; lastKnownFileType = sourcecode.swift; path = PersistenceValidator.swift; sourceTree = "<group>"; };
		BDBD46A22B2C999500B62405 /* FindEmAll.app */ = {isa = PBXFileReference; explicitFileType = wrapper.application; includeInIndex = 0; path = FindEmAll.app; sourceTree = BUILT_PRODUCTS_DIR; };
		BDBD46A52B2C999500B62405 /* AppDelegate.swift */ = {isa = PBXFileReference; lastKnownFileType = sourcecode.swift; path = AppDelegate.swift; sourceTree = "<group>"; };
		BDBD46AE2B2C999700B62405 /* Assets.xcassets */ = {isa = PBXFileReference; lastKnownFileType = folder.assetcatalog; path = Assets.xcassets; sourceTree = "<group>"; };
		BDBD46B12B2C999700B62405 /* Base */ = {isa = PBXFileReference; lastKnownFileType = file.storyboard; name = Base; path = Base.lproj/LaunchScreen.storyboard; sourceTree = "<group>"; };
		BDBD46B32B2C999700B62405 /* Info.plist */ = {isa = PBXFileReference; lastKnownFileType = text.plist.xml; path = Info.plist; sourceTree = "<group>"; };
		BDC31A5C2BD0FB2700D1AB89 /* Int + Ext.swift */ = {isa = PBXFileReference; lastKnownFileType = sourcecode.swift; path = "Int + Ext.swift"; sourceTree = "<group>"; };
		BDC31A5E2BD0FD9200D1AB89 /* Double + Ext.swift */ = {isa = PBXFileReference; lastKnownFileType = sourcecode.swift; path = "Double + Ext.swift"; sourceTree = "<group>"; };
		BDCB653F2BAAA742000D4882 /* DataDisplayView.swift */ = {isa = PBXFileReference; lastKnownFileType = sourcecode.swift; path = DataDisplayView.swift; sourceTree = "<group>"; };
		BDCD4BB02BB145BC003A6378 /* Pokedex.swift */ = {isa = PBXFileReference; lastKnownFileType = sourcecode.swift; path = Pokedex.swift; sourceTree = "<group>"; };
		BDE710EA2BA044C400DD4B79 /* PokeInfoView.swift */ = {isa = PBXFileReference; lastKnownFileType = sourcecode.swift; path = PokeInfoView.swift; sourceTree = "<group>"; };
		BDE8057C2BE9CD7900AA4A94 /* PokemonGenerationEnum.swift */ = {isa = PBXFileReference; lastKnownFileType = sourcecode.swift; path = PokemonGenerationEnum.swift; sourceTree = "<group>"; };
		BDE8E5512BC7A7AD003C7127 /* PokeColor.swift */ = {isa = PBXFileReference; lastKnownFileType = sourcecode.swift; path = PokeColor.swift; sourceTree = "<group>"; };
		BDE8E5532BC7A949003C7127 /* UIColor+Ext.swift */ = {isa = PBXFileReference; lastKnownFileType = sourcecode.swift; path = "UIColor+Ext.swift"; sourceTree = "<group>"; };
		BDF021132BA958E300EB5260 /* PokedexVC.swift */ = {isa = PBXFileReference; lastKnownFileType = sourcecode.swift; path = PokedexVC.swift; sourceTree = "<group>"; };
		BDF6233D2BA2B9E600D534BA /* PokeImageView.swift */ = {isa = PBXFileReference; lastKnownFileType = sourcecode.swift; path = PokeImageView.swift; sourceTree = "<group>"; };
		BDFCDC182B959DB4004DD56C /* UIView+Ext.swift */ = {isa = PBXFileReference; lastKnownFileType = sourcecode.swift; path = "UIView+Ext.swift"; sourceTree = "<group>"; };
		BDFCDC1F2B95C1E7004DD56C /* Pokemon.swift */ = {isa = PBXFileReference; lastKnownFileType = sourcecode.swift; path = Pokemon.swift; sourceTree = "<group>"; };
		BDFCDC212B95C726004DD56C /* PokemonMoves.swift */ = {isa = PBXFileReference; lastKnownFileType = sourcecode.swift; path = PokemonMoves.swift; sourceTree = "<group>"; };
		BDFCDC232B95C761004DD56C /* PokemonCries.swift */ = {isa = PBXFileReference; lastKnownFileType = sourcecode.swift; path = PokemonCries.swift; sourceTree = "<group>"; };
		BDFCDC252B95C78F004DD56C /* PokemonSprites.swift */ = {isa = PBXFileReference; lastKnownFileType = sourcecode.swift; path = PokemonSprites.swift; sourceTree = "<group>"; };
		BDFCDC272B95C7BB004DD56C /* PokemonTypes.swift */ = {isa = PBXFileReference; lastKnownFileType = sourcecode.swift; path = PokemonTypes.swift; sourceTree = "<group>"; };
/* End PBXFileReference section */

/* Begin PBXFrameworksBuildPhase section */
		BDAD042A2BC3B9FB008B0F71 /* Frameworks */ = {
			isa = PBXFrameworksBuildPhase;
			buildActionMask = 2147483647;
			files = (
			);
			runOnlyForDeploymentPostprocessing = 0;
		};
		BDBD469F2B2C999500B62405 /* Frameworks */ = {
			isa = PBXFrameworksBuildPhase;
			buildActionMask = 2147483647;
			files = (
			);
			runOnlyForDeploymentPostprocessing = 0;
		};
/* End PBXFrameworksBuildPhase section */

/* Begin PBXGroup section */
		BD0C43682BAAC9F700D0E9B3 /* Cells */ = {
			isa = PBXGroup;
			children = (
				BD0C43692BAACA0D00D0E9B3 /* PokeCollectionViewCell.swift */,
			);
			path = Cells;
			sourceTree = "<group>";
		};
		BD0C436B2BAACB9600D0E9B3 /* Utilities */ = {
			isa = PBXGroup;
			children = (
				BD0C436C2BAACB9F00D0E9B3 /* UIHelpers.swift */,
				BDCD4BB02BB145BC003A6378 /* Pokedex.swift */,
				BDE8E5512BC7A7AD003C7127 /* PokeColor.swift */,
				BD2753132BD2685A00308F56 /* PokeInputs.swift */,
			);
			path = Utilities;
			sourceTree = "<group>";
		};
		BD20E0AF2B95CAC900BF44BD /* Manager */ = {
			isa = PBXGroup;
			children = (
				BD20E0B02B95CAD700BF44BD /* NetworkManager.swift */,
				BDAD03CB2BC19524008B0F71 /* PersistenceManager.swift */,
			);
			path = Manager;
			sourceTree = "<group>";
		};
		BD2815252B8F7EC90095C1AD /* View */ = {
			isa = PBXGroup;
			children = (
				BD0C43682BAAC9F700D0E9B3 /* Cells */,
				BDF6233F2BA2BE5700D534BA /* ImageView */,
				BD2815262B8F7EE80095C1AD /* AnimatingView.swift */,
				BDCB653F2BAAA742000D4882 /* DataDisplayView.swift */,
				BDE710EA2BA044C400DD4B79 /* PokeInfoView.swift */,
				BD2753192BD26A6100308F56 /* AlertContainerView.swift */,
			);
			path = View;
			sourceTree = "<group>";
		};
		BD2815282B90171A0095C1AD /* ViewControllers */ = {
			isa = PBXGroup;
			children = (
				BD2815292B90173F0095C1AD /* PokeInfoVC.swift */,
				BD2753172BD269F500308F56 /* PokeAlertVC.swift */,
				BD1CA0562BDA17AC00F8E1EE /* AnimatingVC.swift */,
			);
			path = ViewControllers;
			sourceTree = "<group>";
		};
		BD28152B2B9017830095C1AD /* Buttons */ = {
			isa = PBXGroup;
			children = (
				BD28152C2B90179C0095C1AD /* PokeButton.swift */,
			);
			path = Buttons;
			sourceTree = "<group>";
		};
		BD55412C2B8E2A3A0089CA78 /* Support */ = {
			isa = PBXGroup;
			children = (
				BDBD46A52B2C999500B62405 /* AppDelegate.swift */,
				BD2815302B903A940095C1AD /* SceneDelegate.swift */,
				BDBD46AE2B2C999700B62405 /* Assets.xcassets */,
				BDBD46B02B2C999700B62405 /* LaunchScreen.storyboard */,
			);
			path = Support;
			sourceTree = "<group>";
		};
		BD55412F2B8E37680089CA78 /* CustomViews */ = {
			isa = PBXGroup;
			children = (
				BDD2BEA22BA05970000AA2B3 /* Textfield */,
				BD2815282B90171A0095C1AD /* ViewControllers */,
				BD2815252B8F7EC90095C1AD /* View */,
				BD5541302B8E37950089CA78 /* Labels */,
				BD28152B2B9017830095C1AD /* Buttons */,
			);
			path = CustomViews;
			sourceTree = "<group>";
		};
		BD5541302B8E37950089CA78 /* Labels */ = {
			isa = PBXGroup;
			children = (
				BD5541312B8E37A70089CA78 /* PokeTitleLabel.swift */,
				BD2815232B8F473C0095C1AD /* PokeBodyLabel.swift */,
			);
			path = Labels;
			sourceTree = "<group>";
		};
		BD5541332B8E388D0089CA78 /* Screen */ = {
			isa = PBXGroup;
			children = (
				BD55412D2B8E37540089CA78 /* StartingVC.swift */,
				BD28152E2B9037150095C1AD /* QuizVC.swift */,
				BDF021132BA958E300EB5260 /* PokedexVC.swift */,
			);
			path = Screen;
			sourceTree = "<group>";
		};
		BDAD042E2BC3B9FB008B0F71 /* FindEmAllTest */ = {
			isa = PBXGroup;
			children = (
				BDAD042F2BC3B9FB008B0F71 /* FindEmAllTest.swift */,
				BDAD04362BC3BA2A008B0F71 /* TestPersistenceManager.swift */,
			);
			path = FindEmAllTest;
			sourceTree = "<group>";
		};
		BDAD04382BC3BC9D008B0F71 /* TestModel */ = {
			isa = PBXGroup;
			children = (
				BDAD04392BC3BCB4008B0F71 /* PersistenceValidator.swift */,
			);
			path = TestModel;
			sourceTree = "<group>";
		};
		BDBD46992B2C999500B62405 = {
			isa = PBXGroup;
			children = (
				BDBD46A42B2C999500B62405 /* FindEmAll */,
				BDAD042E2BC3B9FB008B0F71 /* FindEmAllTest */,
				BDBD46A32B2C999500B62405 /* Products */,
			);
			sourceTree = "<group>";
		};
		BDBD46A32B2C999500B62405 /* Products */ = {
			isa = PBXGroup;
			children = (
				BDBD46A22B2C999500B62405 /* FindEmAll.app */,
				BDAD042D2BC3B9FB008B0F71 /* FindEmAllTest.xctest */,
			);
			name = Products;
			sourceTree = "<group>";
		};
		BDBD46A42B2C999500B62405 /* FindEmAll */ = {
			isa = PBXGroup;
			children = (
				BD0C436B2BAACB9600D0E9B3 /* Utilities */,
				BDFCDC1E2B95C1DE004DD56C /* Model */,
				BD20E0AF2B95CAC900BF44BD /* Manager */,
				BDFCDC162B959D9A004DD56C /* Extension */,
				BD55412C2B8E2A3A0089CA78 /* Support */,
				BD55412F2B8E37680089CA78 /* CustomViews */,
				BD5541332B8E388D0089CA78 /* Screen */,
				BDBD46B32B2C999700B62405 /* Info.plist */,
			);
			path = FindEmAll;
			sourceTree = "<group>";
		};
		BDD2BEA22BA05970000AA2B3 /* Textfield */ = {
			isa = PBXGroup;
			children = (
				BD5324352BA1F0FA00DCCD03 /* PokeTextfield.swift */,
			);
			path = Textfield;
			sourceTree = "<group>";
		};
		BDF6233F2BA2BE5700D534BA /* ImageView */ = {
			isa = PBXGroup;
			children = (
				BDF6233D2BA2B9E600D534BA /* PokeImageView.swift */,
			);
			path = ImageView;
			sourceTree = "<group>";
		};
		BDFCDC162B959D9A004DD56C /* Extension */ = {
			isa = PBXGroup;
			children = (
				BDFCDC182B959DB4004DD56C /* UIView+Ext.swift */,
				BDC31A5C2BD0FB2700D1AB89 /* Int + Ext.swift */,
				BDC31A5E2BD0FD9200D1AB89 /* Double + Ext.swift */,
				BDE8E5532BC7A949003C7127 /* UIColor+Ext.swift */,
				BD2753152BD2698E00308F56 /* UIViewController + Ext.swift */,
				BD0DF1A62BD47C9C00FE47C4 /* UIImage + Ext.swift */,
			);
			path = Extension;
			sourceTree = "<group>";
		};
		BDFCDC1E2B95C1DE004DD56C /* Model */ = {
			isa = PBXGroup;
			children = (
				BDAD04382BC3BC9D008B0F71 /* TestModel */,
				BDFCDC1F2B95C1E7004DD56C /* Pokemon.swift */,
				BDFCDC212B95C726004DD56C /* PokemonMoves.swift */,
				BDFCDC232B95C761004DD56C /* PokemonCries.swift */,
				BDFCDC252B95C78F004DD56C /* PokemonSprites.swift */,
				BDFCDC272B95C7BB004DD56C /* PokemonTypes.swift */,
				BD70EF6A2BB28AD500391C4D /* NetworkError.swift */,
				BDE8057C2BE9CD7900AA4A94 /* PokemonGenerationEnum.swift */,
			);
			path = Model;
			sourceTree = "<group>";
		};
/* End PBXGroup section */

/* Begin PBXNativeTarget section */
		BDAD042C2BC3B9FB008B0F71 /* FindEmAllTest */ = {
			isa = PBXNativeTarget;
			buildConfigurationList = BDAD04352BC3B9FB008B0F71 /* Build configuration list for PBXNativeTarget "FindEmAllTest" */;
			buildPhases = (
				BDAD04292BC3B9FB008B0F71 /* Sources */,
				BDAD042A2BC3B9FB008B0F71 /* Frameworks */,
				BDAD042B2BC3B9FB008B0F71 /* Resources */,
			);
			buildRules = (
			);
			dependencies = (
				BDAD04322BC3B9FB008B0F71 /* PBXTargetDependency */,
			);
			name = FindEmAllTest;
			productName = FindEmAllTest;
			productReference = BDAD042D2BC3B9FB008B0F71 /* FindEmAllTest.xctest */;
			productType = "com.apple.product-type.bundle.unit-test";
		};
		BDBD46A12B2C999500B62405 /* FindEmAll */ = {
			isa = PBXNativeTarget;
			buildConfigurationList = BDBD46B62B2C999700B62405 /* Build configuration list for PBXNativeTarget "FindEmAll" */;
			buildPhases = (
				BDBD469E2B2C999500B62405 /* Sources */,
				BDBD469F2B2C999500B62405 /* Frameworks */,
				BDBD46A02B2C999500B62405 /* Resources */,
			);
			buildRules = (
			);
			dependencies = (
			);
			name = FindEmAll;
			productName = FindEmAll;
			productReference = BDBD46A22B2C999500B62405 /* FindEmAll.app */;
			productType = "com.apple.product-type.application";
		};
/* End PBXNativeTarget section */

/* Begin PBXProject section */
		BDBD469A2B2C999500B62405 /* Project object */ = {
			isa = PBXProject;
			attributes = {
				BuildIndependentTargetsInParallel = 1;
				LastSwiftUpdateCheck = 1530;
				LastUpgradeCheck = 1500;
				TargetAttributes = {
					BDAD042C2BC3B9FB008B0F71 = {
						CreatedOnToolsVersion = 15.3;
						TestTargetID = BDBD46A12B2C999500B62405;
					};
					BDBD46A12B2C999500B62405 = {
						CreatedOnToolsVersion = 15.0.1;
					};
				};
			};
			buildConfigurationList = BDBD469D2B2C999500B62405 /* Build configuration list for PBXProject "FindEmAll" */;
			compatibilityVersion = "Xcode 14.0";
			developmentRegion = en;
			hasScannedForEncodings = 0;
			knownRegions = (
				en,
				Base,
			);
			mainGroup = BDBD46992B2C999500B62405;
			productRefGroup = BDBD46A32B2C999500B62405 /* Products */;
			projectDirPath = "";
			projectRoot = "";
			targets = (
				BDBD46A12B2C999500B62405 /* FindEmAll */,
				BDAD042C2BC3B9FB008B0F71 /* FindEmAllTest */,
			);
		};
/* End PBXProject section */

/* Begin PBXResourcesBuildPhase section */
		BDAD042B2BC3B9FB008B0F71 /* Resources */ = {
			isa = PBXResourcesBuildPhase;
			buildActionMask = 2147483647;
			files = (
			);
			runOnlyForDeploymentPostprocessing = 0;
		};
		BDBD46A02B2C999500B62405 /* Resources */ = {
			isa = PBXResourcesBuildPhase;
			buildActionMask = 2147483647;
			files = (
				BDBD46B22B2C999700B62405 /* LaunchScreen.storyboard in Resources */,
				BDBD46AF2B2C999700B62405 /* Assets.xcassets in Resources */,
			);
			runOnlyForDeploymentPostprocessing = 0;
		};
/* End PBXResourcesBuildPhase section */

/* Begin PBXSourcesBuildPhase section */
		BDAD04292BC3B9FB008B0F71 /* Sources */ = {
			isa = PBXSourcesBuildPhase;
			buildActionMask = 2147483647;
			files = (
				BDAD04302BC3B9FB008B0F71 /* FindEmAllTest.swift in Sources */,
				BDAD04372BC3BA2A008B0F71 /* TestPersistenceManager.swift in Sources */,
			);
			runOnlyForDeploymentPostprocessing = 0;
		};
		BDBD469E2B2C999500B62405 /* Sources */ = {
			isa = PBXSourcesBuildPhase;
			buildActionMask = 2147483647;
			files = (
				BDF6233E2BA2B9E600D534BA /* PokeImageView.swift in Sources */,
				BDFCDC222B95C726004DD56C /* PokemonMoves.swift in Sources */,
				BD1CA0572BDA17AC00F8E1EE /* AnimatingVC.swift in Sources */,
				BDFCDC282B95C7BB004DD56C /* PokemonTypes.swift in Sources */,
				BD0DF1A72BD47C9C00FE47C4 /* UIImage + Ext.swift in Sources */,
				BD2753142BD2685A00308F56 /* PokeInputs.swift in Sources */,
				BD0C436D2BAACB9F00D0E9B3 /* UIHelpers.swift in Sources */,
				BDF021142BA958E300EB5260 /* PokedexVC.swift in Sources */,
				BDAD03CC2BC19524008B0F71 /* PersistenceManager.swift in Sources */,
				BD0C436A2BAACA0D00D0E9B3 /* PokeCollectionViewCell.swift in Sources */,
				BDE8E5522BC7A7AD003C7127 /* PokeColor.swift in Sources */,
				BDAD043A2BC3BCB4008B0F71 /* PersistenceValidator.swift in Sources */,
				BD28152A2B90173F0095C1AD /* PokeInfoVC.swift in Sources */,
				BDC31A5F2BD0FD9200D1AB89 /* Double + Ext.swift in Sources */,
				BD2815242B8F473C0095C1AD /* PokeBodyLabel.swift in Sources */,
				BD2753162BD2698E00308F56 /* UIViewController + Ext.swift in Sources */,
				BDCD4BB12BB145BC003A6378 /* Pokedex.swift in Sources */,
				BD70EF6B2BB28AD500391C4D /* NetworkError.swift in Sources */,
				BD20E0B12B95CAD700BF44BD /* NetworkManager.swift in Sources */,
				BDFCDC192B959DB4004DD56C /* UIView+Ext.swift in Sources */,
				BD27531A2BD26A6100308F56 /* AlertContainerView.swift in Sources */,
				BDC31A5D2BD0FB2700D1AB89 /* Int + Ext.swift in Sources */,
				BDFCDC242B95C761004DD56C /* PokemonCries.swift in Sources */,
				BD2815312B903A940095C1AD /* SceneDelegate.swift in Sources */,
				BDFCDC262B95C78F004DD56C /* PokemonSprites.swift in Sources */,
				BD2815272B8F7EE80095C1AD /* AnimatingView.swift in Sources */,
				BDBD46A62B2C999500B62405 /* AppDelegate.swift in Sources */,
				BDFCDC202B95C1E7004DD56C /* Pokemon.swift in Sources */,
				BDCB65402BAAA742000D4882 /* DataDisplayView.swift in Sources */,
				BD2753182BD269F500308F56 /* PokeAlertVC.swift in Sources */,
				BD28152F2B9037150095C1AD /* QuizVC.swift in Sources */,
				BD55412E2B8E37540089CA78 /* StartingVC.swift in Sources */,
				BD5541322B8E37A70089CA78 /* PokeTitleLabel.swift in Sources */,
				BD5324362BA1F0FA00DCCD03 /* PokeTextfield.swift in Sources */,
				BDE710EB2BA044C400DD4B79 /* PokeInfoView.swift in Sources */,
				BDE8E5542BC7A949003C7127 /* UIColor+Ext.swift in Sources */,
				BDE8057D2BE9CD7900AA4A94 /* PokemonGenerationEnum.swift in Sources */,
				BD28152D2B90179C0095C1AD /* PokeButton.swift in Sources */,
			);
			runOnlyForDeploymentPostprocessing = 0;
		};
/* End PBXSourcesBuildPhase section */

/* Begin PBXTargetDependency section */
		BDAD04322BC3B9FB008B0F71 /* PBXTargetDependency */ = {
			isa = PBXTargetDependency;
			target = BDBD46A12B2C999500B62405 /* FindEmAll */;
			targetProxy = BDAD04312BC3B9FB008B0F71 /* PBXContainerItemProxy */;
		};
/* End PBXTargetDependency section */

/* Begin PBXVariantGroup section */
		BDBD46B02B2C999700B62405 /* LaunchScreen.storyboard */ = {
			isa = PBXVariantGroup;
			children = (
				BDBD46B12B2C999700B62405 /* Base */,
			);
			name = LaunchScreen.storyboard;
			sourceTree = "<group>";
		};
/* End PBXVariantGroup section */

/* Begin XCBuildConfiguration section */
		BDAD04332BC3B9FB008B0F71 /* Debug */ = {
			isa = XCBuildConfiguration;
			buildSettings = {
				BUNDLE_LOADER = "$(TEST_HOST)";
				CODE_SIGN_STYLE = Automatic;
				CURRENT_PROJECT_VERSION = 1;
				DEVELOPMENT_TEAM = 2U86LHQK8Q;
				GENERATE_INFOPLIST_FILE = YES;
				IPHONEOS_DEPLOYMENT_TARGET = 17.4;
				MARKETING_VERSION = 1.0;
				PRODUCT_BUNDLE_IDENTIFIER = com.jack.lee.FindEmAllTest;
				PRODUCT_NAME = "$(TARGET_NAME)";
				SUPPORTED_PLATFORMS = "iphoneos iphonesimulator";
				SUPPORTS_MACCATALYST = YES;
				SUPPORTS_XR_DESIGNED_FOR_IPHONE_IPAD = NO;
				SWIFT_EMIT_LOC_STRINGS = NO;
				SWIFT_VERSION = 5.0;
				TARGETED_DEVICE_FAMILY = "1,2";
				TEST_HOST = "$(BUILT_PRODUCTS_DIR)/FindEmAll.app/$(BUNDLE_EXECUTABLE_FOLDER_PATH)/FindEmAll";
			};
			name = Debug;
		};
		BDAD04342BC3B9FB008B0F71 /* Release */ = {
			isa = XCBuildConfiguration;
			buildSettings = {
				BUNDLE_LOADER = "$(TEST_HOST)";
				CODE_SIGN_STYLE = Automatic;
				CURRENT_PROJECT_VERSION = 1;
				DEVELOPMENT_TEAM = 2U86LHQK8Q;
				GENERATE_INFOPLIST_FILE = YES;
				IPHONEOS_DEPLOYMENT_TARGET = 17.4;
				MARKETING_VERSION = 1.0;
				PRODUCT_BUNDLE_IDENTIFIER = com.jack.lee.FindEmAllTest;
				PRODUCT_NAME = "$(TARGET_NAME)";
				SUPPORTED_PLATFORMS = "iphoneos iphonesimulator";
				SUPPORTS_MACCATALYST = YES;
				SUPPORTS_XR_DESIGNED_FOR_IPHONE_IPAD = NO;
				SWIFT_EMIT_LOC_STRINGS = NO;
				SWIFT_VERSION = 5.0;
				TARGETED_DEVICE_FAMILY = "1,2";
				TEST_HOST = "$(BUILT_PRODUCTS_DIR)/FindEmAll.app/$(BUNDLE_EXECUTABLE_FOLDER_PATH)/FindEmAll";
			};
			name = Release;
		};
		BDBD46B42B2C999700B62405 /* Debug */ = {
			isa = XCBuildConfiguration;
			buildSettings = {
				ALWAYS_SEARCH_USER_PATHS = NO;
				ASSETCATALOG_COMPILER_GENERATE_SWIFT_ASSET_SYMBOL_EXTENSIONS = YES;
				CLANG_ANALYZER_NONNULL = YES;
				CLANG_ANALYZER_NUMBER_OBJECT_CONVERSION = YES_AGGRESSIVE;
				CLANG_CXX_LANGUAGE_STANDARD = "gnu++20";
				CLANG_ENABLE_MODULES = YES;
				CLANG_ENABLE_OBJC_ARC = YES;
				CLANG_ENABLE_OBJC_WEAK = YES;
				CLANG_WARN_BLOCK_CAPTURE_AUTORELEASING = YES;
				CLANG_WARN_BOOL_CONVERSION = YES;
				CLANG_WARN_COMMA = YES;
				CLANG_WARN_CONSTANT_CONVERSION = YES;
				CLANG_WARN_DEPRECATED_OBJC_IMPLEMENTATIONS = YES;
				CLANG_WARN_DIRECT_OBJC_ISA_USAGE = YES_ERROR;
				CLANG_WARN_DOCUMENTATION_COMMENTS = YES;
				CLANG_WARN_EMPTY_BODY = YES;
				CLANG_WARN_ENUM_CONVERSION = YES;
				CLANG_WARN_INFINITE_RECURSION = YES;
				CLANG_WARN_INT_CONVERSION = YES;
				CLANG_WARN_NON_LITERAL_NULL_CONVERSION = YES;
				CLANG_WARN_OBJC_IMPLICIT_RETAIN_SELF = YES;
				CLANG_WARN_OBJC_LITERAL_CONVERSION = YES;
				CLANG_WARN_OBJC_ROOT_CLASS = YES_ERROR;
				CLANG_WARN_QUOTED_INCLUDE_IN_FRAMEWORK_HEADER = YES;
				CLANG_WARN_RANGE_LOOP_ANALYSIS = YES;
				CLANG_WARN_STRICT_PROTOTYPES = YES;
				CLANG_WARN_SUSPICIOUS_MOVE = YES;
				CLANG_WARN_UNGUARDED_AVAILABILITY = YES_AGGRESSIVE;
				CLANG_WARN_UNREACHABLE_CODE = YES;
				CLANG_WARN__DUPLICATE_METHOD_MATCH = YES;
				COPY_PHASE_STRIP = NO;
				DEBUG_INFORMATION_FORMAT = dwarf;
				ENABLE_STRICT_OBJC_MSGSEND = YES;
				ENABLE_TESTABILITY = YES;
				ENABLE_USER_SCRIPT_SANDBOXING = YES;
				GCC_C_LANGUAGE_STANDARD = gnu17;
				GCC_DYNAMIC_NO_PIC = NO;
				GCC_NO_COMMON_BLOCKS = YES;
				GCC_OPTIMIZATION_LEVEL = 0;
				GCC_PREPROCESSOR_DEFINITIONS = (
					"DEBUG=1",
					"$(inherited)",
				);
				GCC_WARN_64_TO_32_BIT_CONVERSION = YES;
				GCC_WARN_ABOUT_RETURN_TYPE = YES_ERROR;
				GCC_WARN_UNDECLARED_SELECTOR = YES;
				GCC_WARN_UNINITIALIZED_AUTOS = YES_AGGRESSIVE;
				GCC_WARN_UNUSED_FUNCTION = YES;
				GCC_WARN_UNUSED_VARIABLE = YES;
				IPHONEOS_DEPLOYMENT_TARGET = 15.0;
				LOCALIZATION_PREFERS_STRING_CATALOGS = YES;
				MTL_ENABLE_DEBUG_INFO = INCLUDE_SOURCE;
				MTL_FAST_MATH = YES;
				ONLY_ACTIVE_ARCH = YES;
				SDKROOT = iphoneos;
				SWIFT_ACTIVE_COMPILATION_CONDITIONS = "DEBUG $(inherited)";
				SWIFT_OPTIMIZATION_LEVEL = "-Onone";
			};
			name = Debug;
		};
		BDBD46B52B2C999700B62405 /* Release */ = {
			isa = XCBuildConfiguration;
			buildSettings = {
				ALWAYS_SEARCH_USER_PATHS = NO;
				ASSETCATALOG_COMPILER_GENERATE_SWIFT_ASSET_SYMBOL_EXTENSIONS = YES;
				CLANG_ANALYZER_NONNULL = YES;
				CLANG_ANALYZER_NUMBER_OBJECT_CONVERSION = YES_AGGRESSIVE;
				CLANG_CXX_LANGUAGE_STANDARD = "gnu++20";
				CLANG_ENABLE_MODULES = YES;
				CLANG_ENABLE_OBJC_ARC = YES;
				CLANG_ENABLE_OBJC_WEAK = YES;
				CLANG_WARN_BLOCK_CAPTURE_AUTORELEASING = YES;
				CLANG_WARN_BOOL_CONVERSION = YES;
				CLANG_WARN_COMMA = YES;
				CLANG_WARN_CONSTANT_CONVERSION = YES;
				CLANG_WARN_DEPRECATED_OBJC_IMPLEMENTATIONS = YES;
				CLANG_WARN_DIRECT_OBJC_ISA_USAGE = YES_ERROR;
				CLANG_WARN_DOCUMENTATION_COMMENTS = YES;
				CLANG_WARN_EMPTY_BODY = YES;
				CLANG_WARN_ENUM_CONVERSION = YES;
				CLANG_WARN_INFINITE_RECURSION = YES;
				CLANG_WARN_INT_CONVERSION = YES;
				CLANG_WARN_NON_LITERAL_NULL_CONVERSION = YES;
				CLANG_WARN_OBJC_IMPLICIT_RETAIN_SELF = YES;
				CLANG_WARN_OBJC_LITERAL_CONVERSION = YES;
				CLANG_WARN_OBJC_ROOT_CLASS = YES_ERROR;
				CLANG_WARN_QUOTED_INCLUDE_IN_FRAMEWORK_HEADER = YES;
				CLANG_WARN_RANGE_LOOP_ANALYSIS = YES;
				CLANG_WARN_STRICT_PROTOTYPES = YES;
				CLANG_WARN_SUSPICIOUS_MOVE = YES;
				CLANG_WARN_UNGUARDED_AVAILABILITY = YES_AGGRESSIVE;
				CLANG_WARN_UNREACHABLE_CODE = YES;
				CLANG_WARN__DUPLICATE_METHOD_MATCH = YES;
				COPY_PHASE_STRIP = NO;
				DEBUG_INFORMATION_FORMAT = "dwarf-with-dsym";
				ENABLE_NS_ASSERTIONS = NO;
				ENABLE_STRICT_OBJC_MSGSEND = YES;
				ENABLE_USER_SCRIPT_SANDBOXING = YES;
				GCC_C_LANGUAGE_STANDARD = gnu17;
				GCC_NO_COMMON_BLOCKS = YES;
				GCC_WARN_64_TO_32_BIT_CONVERSION = YES;
				GCC_WARN_ABOUT_RETURN_TYPE = YES_ERROR;
				GCC_WARN_UNDECLARED_SELECTOR = YES;
				GCC_WARN_UNINITIALIZED_AUTOS = YES_AGGRESSIVE;
				GCC_WARN_UNUSED_FUNCTION = YES;
				GCC_WARN_UNUSED_VARIABLE = YES;
				IPHONEOS_DEPLOYMENT_TARGET = 15.0;
				LOCALIZATION_PREFERS_STRING_CATALOGS = YES;
				MTL_ENABLE_DEBUG_INFO = NO;
				MTL_FAST_MATH = YES;
				SDKROOT = iphoneos;
				SWIFT_COMPILATION_MODE = wholemodule;
				VALIDATE_PRODUCT = YES;
			};
			name = Release;
		};
		BDBD46B72B2C999700B62405 /* Debug */ = {
			isa = XCBuildConfiguration;
			buildSettings = {
				ASSETCATALOG_COMPILER_APPICON_NAME = AppIcon;
				ASSETCATALOG_COMPILER_GLOBAL_ACCENT_COLOR_NAME = AccentColor;
				CODE_SIGN_STYLE = Automatic;
				CURRENT_PROJECT_VERSION = 1;
				DEVELOPMENT_TEAM = 2U86LHQK8Q;
				GENERATE_INFOPLIST_FILE = YES;
				INFOPLIST_FILE = FindEmAll/Info.plist;
				INFOPLIST_KEY_UIApplicationSupportsIndirectInputEvents = YES;
				INFOPLIST_KEY_UILaunchStoryboardName = LaunchScreen;
				INFOPLIST_KEY_UISupportedInterfaceOrientations = UIInterfaceOrientationPortrait;
				INFOPLIST_KEY_UISupportedInterfaceOrientations_iPad = "UIInterfaceOrientationPortrait UIInterfaceOrientationPortraitUpsideDown";
				IPHONEOS_DEPLOYMENT_TARGET = 15.0;
				LD_RUNPATH_SEARCH_PATHS = (
					"$(inherited)",
					"@executable_path/Frameworks",
				);
				MARKETING_VERSION = 1.0;
				PRODUCT_BUNDLE_IDENTIFIER = jackLee.FindEmAll;
				PRODUCT_NAME = "$(TARGET_NAME)";
				SUPPORTED_PLATFORMS = "iphoneos iphonesimulator";
				SUPPORTS_MACCATALYST = NO;
				SUPPORTS_XR_DESIGNED_FOR_IPHONE_IPAD = NO;
				SWIFT_EMIT_LOC_STRINGS = YES;
				SWIFT_VERSION = 5.0;
				TARGETED_DEVICE_FAMILY = 1;
			};
			name = Debug;
		};
		BDBD46B82B2C999700B62405 /* Release */ = {
			isa = XCBuildConfiguration;
			buildSettings = {
				ASSETCATALOG_COMPILER_APPICON_NAME = AppIcon;
				ASSETCATALOG_COMPILER_GLOBAL_ACCENT_COLOR_NAME = AccentColor;
				CODE_SIGN_STYLE = Automatic;
				CURRENT_PROJECT_VERSION = 1;
				DEVELOPMENT_TEAM = 2U86LHQK8Q;
				GENERATE_INFOPLIST_FILE = YES;
				INFOPLIST_FILE = FindEmAll/Info.plist;
				INFOPLIST_KEY_UIApplicationSupportsIndirectInputEvents = YES;
				INFOPLIST_KEY_UILaunchStoryboardName = LaunchScreen;
				INFOPLIST_KEY_UISupportedInterfaceOrientations = UIInterfaceOrientationPortrait;
				INFOPLIST_KEY_UISupportedInterfaceOrientations_iPad = "UIInterfaceOrientationPortrait UIInterfaceOrientationPortraitUpsideDown";
				IPHONEOS_DEPLOYMENT_TARGET = 15.0;
				LD_RUNPATH_SEARCH_PATHS = (
					"$(inherited)",
					"@executable_path/Frameworks",
				);
				MARKETING_VERSION = 1.0;
				PRODUCT_BUNDLE_IDENTIFIER = jackLee.FindEmAll;
				PRODUCT_NAME = "$(TARGET_NAME)";
				SUPPORTED_PLATFORMS = "iphoneos iphonesimulator";
				SUPPORTS_MACCATALYST = NO;
				SUPPORTS_XR_DESIGNED_FOR_IPHONE_IPAD = NO;
				SWIFT_EMIT_LOC_STRINGS = YES;
				SWIFT_VERSION = 5.0;
				TARGETED_DEVICE_FAMILY = 1;
			};
			name = Release;
		};
/* End XCBuildConfiguration section */

/* Begin XCConfigurationList section */
		BDAD04352BC3B9FB008B0F71 /* Build configuration list for PBXNativeTarget "FindEmAllTest" */ = {
			isa = XCConfigurationList;
			buildConfigurations = (
				BDAD04332BC3B9FB008B0F71 /* Debug */,
				BDAD04342BC3B9FB008B0F71 /* Release */,
			);
			defaultConfigurationIsVisible = 0;
			defaultConfigurationName = Release;
		};
		BDBD469D2B2C999500B62405 /* Build configuration list for PBXProject "FindEmAll" */ = {
			isa = XCConfigurationList;
			buildConfigurations = (
				BDBD46B42B2C999700B62405 /* Debug */,
				BDBD46B52B2C999700B62405 /* Release */,
			);
			defaultConfigurationIsVisible = 0;
			defaultConfigurationName = Release;
		};
		BDBD46B62B2C999700B62405 /* Build configuration list for PBXNativeTarget "FindEmAll" */ = {
			isa = XCConfigurationList;
			buildConfigurations = (
				BDBD46B72B2C999700B62405 /* Debug */,
				BDBD46B82B2C999700B62405 /* Release */,
			);
			defaultConfigurationIsVisible = 0;
			defaultConfigurationName = Release;
		};
/* End XCConfigurationList section */
	};
	rootObject = BDBD469A2B2C999500B62405 /* Project object */;
}
